{
  "lib/forge-std": {
    "rev": "620536fa5277db4e3fd46772d5cbc1ea0696fb43"
  },
  "lib/midnight": {
    "rev": "b458000205b580b8dd7a2083a9384611b3480615"
  },
  "lib/morpho-blue": {
    "rev": "1478e9cfe1b4d514f80682b3b60e4e12ff3ee45a"
  },
  "lib/vault-v2": {
    "rev": "e22a61c983124cbc902e2170415ae399d6c167ce"
  }
}